# This file is automatically @generated by Poetry 1.7.1 and should not be changed by hand.

[[package]]
name = "black"
version = "24.1.1"
description = "The uncompromising code formatter."
optional = false
python-versions = ">=3.8"
files = [
    {file = "black-24.1.1-cp310-cp310-macosx_10_9_x86_64.whl", hash = "sha256:2588021038bd5ada078de606f2a804cadd0a3cc6a79cb3e9bb3a8bf581325a4c"},
    {file = "black-24.1.1-cp310-cp310-macosx_11_0_arm64.whl", hash = "sha256:1a95915c98d6e32ca43809d46d932e2abc5f1f7d582ffbe65a5b4d1588af7445"},
    {file = "black-24.1.1-cp310-cp310-manylinux_2_17_x86_64.manylinux2014_x86_64.whl", hash = "sha256:2fa6a0e965779c8f2afb286f9ef798df770ba2b6cee063c650b96adec22c056a"},
    {file = "black-24.1.1-cp310-cp310-win_amd64.whl", hash = "sha256:5242ecd9e990aeb995b6d03dc3b2d112d4a78f2083e5a8e86d566340ae80fec4"},
    {file = "black-24.1.1-cp311-cp311-macosx_10_9_x86_64.whl", hash = "sha256:fc1ec9aa6f4d98d022101e015261c056ddebe3da6a8ccfc2c792cbe0349d48b7"},
    {file = "black-24.1.1-cp311-cp311-macosx_11_0_arm64.whl", hash = "sha256:0269dfdea12442022e88043d2910429bed717b2d04523867a85dacce535916b8"},
    {file = "black-24.1.1-cp311-cp311-manylinux_2_17_x86_64.manylinux2014_x86_64.whl", hash = "sha256:b3d64db762eae4a5ce04b6e3dd745dcca0fb9560eb931a5be97472e38652a161"},
    {file = "black-24.1.1-cp311-cp311-win_amd64.whl", hash = "sha256:5d7b06ea8816cbd4becfe5f70accae953c53c0e53aa98730ceccb0395520ee5d"},
    {file = "black-24.1.1-cp312-cp312-macosx_10_9_x86_64.whl", hash = "sha256:e2c8dfa14677f90d976f68e0c923947ae68fa3961d61ee30976c388adc0b02c8"},
    {file = "black-24.1.1-cp312-cp312-macosx_11_0_arm64.whl", hash = "sha256:a21725862d0e855ae05da1dd25e3825ed712eaaccef6b03017fe0853a01aa45e"},
    {file = "black-24.1.1-cp312-cp312-manylinux_2_17_x86_64.manylinux2014_x86_64.whl", hash = "sha256:07204d078e25327aad9ed2c64790d681238686bce254c910de640c7cc4fc3aa6"},
    {file = "black-24.1.1-cp312-cp312-win_amd64.whl", hash = "sha256:a83fe522d9698d8f9a101b860b1ee154c1d25f8a82ceb807d319f085b2627c5b"},
    {file = "black-24.1.1-cp38-cp38-macosx_10_9_x86_64.whl", hash = "sha256:08b34e85170d368c37ca7bf81cf67ac863c9d1963b2c1780c39102187ec8dd62"},
    {file = "black-24.1.1-cp38-cp38-macosx_11_0_arm64.whl", hash = "sha256:7258c27115c1e3b5de9ac6c4f9957e3ee2c02c0b39222a24dc7aa03ba0e986f5"},
    {file = "black-24.1.1-cp38-cp38-manylinux_2_17_x86_64.manylinux2014_x86_64.whl", hash = "sha256:40657e1b78212d582a0edecafef133cf1dd02e6677f539b669db4746150d38f6"},
    {file = "black-24.1.1-cp38-cp38-win_amd64.whl", hash = "sha256:e298d588744efda02379521a19639ebcd314fba7a49be22136204d7ed1782717"},
    {file = "black-24.1.1-cp39-cp39-macosx_10_9_x86_64.whl", hash = "sha256:34afe9da5056aa123b8bfda1664bfe6fb4e9c6f311d8e4a6eb089da9a9173bf9"},
    {file = "black-24.1.1-cp39-cp39-macosx_11_0_arm64.whl", hash = "sha256:854c06fb86fd854140f37fb24dbf10621f5dab9e3b0c29a690ba595e3d543024"},
    {file = "black-24.1.1-cp39-cp39-manylinux_2_17_x86_64.manylinux2014_x86_64.whl", hash = "sha256:3897ae5a21ca132efa219c029cce5e6bfc9c3d34ed7e892113d199c0b1b444a2"},
    {file = "black-24.1.1-cp39-cp39-win_amd64.whl", hash = "sha256:ecba2a15dfb2d97105be74bbfe5128bc5e9fa8477d8c46766505c1dda5883aac"},
    {file = "black-24.1.1-py3-none-any.whl", hash = "sha256:5cdc2e2195212208fbcae579b931407c1fa9997584f0a415421748aeafff1168"},
    {file = "black-24.1.1.tar.gz", hash = "sha256:48b5760dcbfe5cf97fd4fba23946681f3a81514c6ab8a45b50da67ac8fbc6c7b"},
]

[package.dependencies]
click = ">=8.0.0"
mypy-extensions = ">=0.4.3"
packaging = ">=22.0"
pathspec = ">=0.9.0"
platformdirs = ">=2"

[package.extras]
colorama = ["colorama (>=0.4.3)"]
d = ["aiohttp (>=3.7.4)", "aiohttp (>=3.7.4,!=3.9.0)"]
jupyter = ["ipython (>=7.8.0)", "tokenize-rt (>=3.2.0)"]
uvloop = ["uvloop (>=0.15.2)"]

[[package]]
name = "click"
version = "8.1.7"
description = "Composable command line interface toolkit"
optional = false
python-versions = ">=3.7"
files = [
    {file = "click-8.1.7-py3-none-any.whl", hash = "sha256:ae74fb96c20a0277a1d615f1e4d73c8414f5a98db8b799a7931d1582f3390c28"},
    {file = "click-8.1.7.tar.gz", hash = "sha256:ca9853ad459e787e2192211578cc907e7594e294c7ccc834310722b41b9ca6de"},
]

[package.dependencies]
colorama = {version = "*", markers = "platform_system == \"Windows\""}

[[package]]
name = "colorama"
version = "0.4.6"
description = "Cross-platform colored terminal text."
optional = false
python-versions = "!=3.0.*,!=3.1.*,!=3.2.*,!=3.3.*,!=3.4.*,!=3.5.*,!=3.6.*,>=2.7"
files = [
    {file = "colorama-0.4.6-py2.py3-none-any.whl", hash = "sha256:4f1d9991f5acc0ca119f9d443620b77f9d6b33703e51011c16baf57afb285fc6"},
    {file = "colorama-0.4.6.tar.gz", hash = "sha256:08695f5cb7ed6e0531a20572697297273c47b8cae5a63ffc6d6ed5c201be6e44"},
]

[[package]]
name = "manifold3d"
version = "2.3.1"
description = "Library for geometric robustness"
optional = false
python-versions = ">=3.8"
files = [
    {file = "manifold3d-2.3.1-cp310-cp310-macosx_10_14_x86_64.whl", hash = "sha256:cdeb90df46c32f3eb7bf4c815a8fb3034e025743414f31ecba361a6c2917d3ea"},
    {file = "manifold3d-2.3.1-cp310-cp310-macosx_11_0_arm64.whl", hash = "sha256:4456fb5f0a9c876e28b1f93647ce1517a2755dc440e71afdcdbd95e6dee81851"},
    {file = "manifold3d-2.3.1-cp310-cp310-manylinux_2_28_x86_64.manylinux_2_27_x86_64.whl", hash = "sha256:fb6967fa3872a064d05ca8a0507ecf7078155ae73e371ea4e54af2ebe61b4d87"},
    {file = "manifold3d-2.3.1-cp310-cp310-win_amd64.whl", hash = "sha256:b3398bb8d1f4b2519c25137d9fa531d1436da72f7e58f8763b61387a8196b4a1"},
    {file = "manifold3d-2.3.1-cp311-cp311-macosx_10_14_x86_64.whl", hash = "sha256:349b7772aee1ca781147e1a1eb9042b1523954acab1e14f49a2126df33da9809"},
    {file = "manifold3d-2.3.1-cp311-cp311-macosx_11_0_arm64.whl", hash = "sha256:e63a44b84336a0e78211e2015d819c4ee1f07380bdb24db3a795e1459b666d47"},
    {file = "manifold3d-2.3.1-cp311-cp311-manylinux_2_28_x86_64.manylinux_2_27_x86_64.whl", hash = "sha256:d1c00964bb1f8adadbdd473f084687a7b557c65c41915fb618969df4db049576"},
    {file = "manifold3d-2.3.1-cp311-cp311-win_amd64.whl", hash = "sha256:0c0e1348e2ba8946fc161aa1ad77247788a5c7e15567ce5a024cbfd896f89c5f"},
    {file = "manifold3d-2.3.1-cp312-cp312-macosx_10_14_x86_64.whl", hash = "sha256:a314d1debe813131a17e4007eb2c26371a9dbb3ba05bd1c970396c702933eee2"},
    {file = "manifold3d-2.3.1-cp312-cp312-macosx_11_0_arm64.whl", hash = "sha256:52c99d84b4a7256f50a90044aedef61c9f3497ded8f652668348a7c849680351"},
    {file = "manifold3d-2.3.1-cp312-cp312-manylinux_2_28_x86_64.manylinux_2_27_x86_64.whl", hash = "sha256:c493955eaf61201b495cf29c83230e703c6b638733cd06ff53d6a5f96f8da170"},
    {file = "manifold3d-2.3.1-cp312-cp312-win_amd64.whl", hash = "sha256:151d7d82319ce655336a7a11b2f55e5fc24e561f83352825dafa77218bbfcfe1"},
    {file = "manifold3d-2.3.1-cp38-cp38-macosx_10_14_x86_64.whl", hash = "sha256:37bcfd4a7f7ecdf185c538b56a965bbc4fc38575f98e0fbd28596e02cda34a9c"},
    {file = "manifold3d-2.3.1-cp38-cp38-macosx_11_0_arm64.whl", hash = "sha256:b09c448770787db45c891615055cc17bf4c1c216ecae9b4d7aad60ff92319324"},
    {file = "manifold3d-2.3.1-cp38-cp38-manylinux_2_28_x86_64.manylinux_2_27_x86_64.whl", hash = "sha256:e91eaf06b5ccefd79d399a62506932db814e4ec3238482735f317b1b79c4e004"},
    {file = "manifold3d-2.3.1-cp38-cp38-win_amd64.whl", hash = "sha256:702db83617cc41bab6f1aa4cbf2e09ab3cd0ff6f391fd689bc9e335b4af4b694"},
    {file = "manifold3d-2.3.1-cp39-cp39-macosx_10_14_x86_64.whl", hash = "sha256:51a134e5dc77c1a45d9ab769a86662b612098ae88c611a964e91347d35f101f0"},
    {file = "manifold3d-2.3.1-cp39-cp39-macosx_11_0_arm64.whl", hash = "sha256:d4e42e25d933f6788c356bb0a049b41c2418cd03819b3ae6e8037ea22ba49319"},
    {file = "manifold3d-2.3.1-cp39-cp39-manylinux_2_28_x86_64.manylinux_2_27_x86_64.whl", hash = "sha256:e2465dfe9ff54cc3833d2443904c61bcfa6a58dc3e04dcbf222dd6d17df82b7d"},
    {file = "manifold3d-2.3.1-cp39-cp39-win_amd64.whl", hash = "sha256:3ced2790746b39bab83407fbd5febeba61cda736eca08082e157cd421e3c79d1"},
    {file = "manifold3d-2.3.1.tar.gz", hash = "sha256:52650c5ce96121dc04d3730a9afdf4f3d8c210af150674199d76805d81f98d4f"},
]

[package.dependencies]
numpy = [
    {version = "*", markers = "python_version < \"3.12\""},
    {version = ">=1.26.0b1", markers = "python_version >= \"3.12\""},
]

[[package]]
name = "mypy-extensions"
version = "1.0.0"
description = "Type system extensions for programs checked with the mypy type checker."
optional = false
python-versions = ">=3.5"
files = [
    {file = "mypy_extensions-1.0.0-py3-none-any.whl", hash = "sha256:4392f6c0eb8a5668a69e23d168ffa70f0be9ccfd32b5cc2d26a34ae5b844552d"},
    {file = "mypy_extensions-1.0.0.tar.gz", hash = "sha256:75dbf8955dc00442a438fc4d0666508a9a97b6bd41aa2f0ffe9d2f2725af0782"},
]

[[package]]
name = "numpy"
version = "1.26.3"
description = "Fundamental package for array computing in Python"
optional = false
python-versions = ">=3.9"
files = [
    {file = "numpy-1.26.3-cp310-cp310-macosx_10_9_x86_64.whl", hash = "sha256:806dd64230dbbfaca8a27faa64e2f414bf1c6622ab78cc4264f7f5f028fee3bf"},
    {file = "numpy-1.26.3-cp310-cp310-macosx_11_0_arm64.whl", hash = "sha256:02f98011ba4ab17f46f80f7f8f1c291ee7d855fcef0a5a98db80767a468c85cd"},
    {file = "numpy-1.26.3-cp310-cp310-manylinux_2_17_aarch64.manylinux2014_aarch64.whl", hash = "sha256:6d45b3ec2faed4baca41c76617fcdcfa4f684ff7a151ce6fc78ad3b6e85af0a6"},
    {file = "numpy-1.26.3-cp310-cp310-manylinux_2_17_x86_64.manylinux2014_x86_64.whl", hash = "sha256:bdd2b45bf079d9ad90377048e2747a0c82351989a2165821f0c96831b4a2a54b"},
    {file = "numpy-1.26.3-cp310-cp310-musllinux_1_1_aarch64.whl", hash = "sha256:211ddd1e94817ed2d175b60b6374120244a4dd2287f4ece45d49228b4d529178"},
    {file = "numpy-1.26.3-cp310-cp310-musllinux_1_1_x86_64.whl", hash = "sha256:b1240f767f69d7c4c8a29adde2310b871153df9b26b5cb2b54a561ac85146485"},
    {file = "numpy-1.26.3-cp310-cp310-win32.whl", hash = "sha256:21a9484e75ad018974a2fdaa216524d64ed4212e418e0a551a2d83403b0531d3"},
    {file = "numpy-1.26.3-cp310-cp310-win_amd64.whl", hash = "sha256:9e1591f6ae98bcfac2a4bbf9221c0b92ab49762228f38287f6eeb5f3f55905ce"},
    {file = "numpy-1.26.3-cp311-cp311-macosx_10_9_x86_64.whl", hash = "sha256:b831295e5472954104ecb46cd98c08b98b49c69fdb7040483aff799a755a7374"},
    {file = "numpy-1.26.3-cp311-cp311-macosx_11_0_arm64.whl", hash = "sha256:9e87562b91f68dd8b1c39149d0323b42e0082db7ddb8e934ab4c292094d575d6"},
    {file = "numpy-1.26.3-cp311-cp311-manylinux_2_17_aarch64.manylinux2014_aarch64.whl", hash = "sha256:8c66d6fec467e8c0f975818c1796d25c53521124b7cfb760114be0abad53a0a2"},
    {file = "numpy-1.26.3-cp311-cp311-manylinux_2_17_x86_64.manylinux2014_x86_64.whl", hash = "sha256:f25e2811a9c932e43943a2615e65fc487a0b6b49218899e62e426e7f0a57eeda"},
    {file = "numpy-1.26.3-cp311-cp311-musllinux_1_1_aarch64.whl", hash = "sha256:af36e0aa45e25c9f57bf684b1175e59ea05d9a7d3e8e87b7ae1a1da246f2767e"},
    {file = "numpy-1.26.3-cp311-cp311-musllinux_1_1_x86_64.whl", hash = "sha256:51c7f1b344f302067b02e0f5b5d2daa9ed4a721cf49f070280ac202738ea7f00"},
    {file = "numpy-1.26.3-cp311-cp311-win32.whl", hash = "sha256:7ca4f24341df071877849eb2034948459ce3a07915c2734f1abb4018d9c49d7b"},
    {file = "numpy-1.26.3-cp311-cp311-win_amd64.whl", hash = "sha256:39763aee6dfdd4878032361b30b2b12593fb445ddb66bbac802e2113eb8a6ac4"},
    {file = "numpy-1.26.3-cp312-cp312-macosx_10_9_x86_64.whl", hash = "sha256:a7081fd19a6d573e1a05e600c82a1c421011db7935ed0d5c483e9dd96b99cf13"},
    {file = "numpy-1.26.3-cp312-cp312-macosx_11_0_arm64.whl", hash = "sha256:12c70ac274b32bc00c7f61b515126c9205323703abb99cd41836e8125ea0043e"},
    {file = "numpy-1.26.3-cp312-cp312-manylinux_2_17_aarch64.manylinux2014_aarch64.whl", hash = "sha256:7f784e13e598e9594750b2ef6729bcd5a47f6cfe4a12cca13def35e06d8163e3"},
    {file = "numpy-1.26.3-cp312-cp312-manylinux_2_17_x86_64.manylinux2014_x86_64.whl", hash = "sha256:5f24750ef94d56ce6e33e4019a8a4d68cfdb1ef661a52cdaee628a56d2437419"},
    {file = "numpy-1.26.3-cp312-cp312-musllinux_1_1_aarch64.whl", hash = "sha256:77810ef29e0fb1d289d225cabb9ee6cf4d11978a00bb99f7f8ec2132a84e0166"},
    {file = "numpy-1.26.3-cp312-cp312-musllinux_1_1_x86_64.whl", hash = "sha256:8ed07a90f5450d99dad60d3799f9c03c6566709bd53b497eb9ccad9a55867f36"},
    {file = "numpy-1.26.3-cp312-cp312-win32.whl", hash = "sha256:f73497e8c38295aaa4741bdfa4fda1a5aedda5473074369eca10626835445511"},
    {file = "numpy-1.26.3-cp312-cp312-win_amd64.whl", hash = "sha256:da4b0c6c699a0ad73c810736303f7fbae483bcb012e38d7eb06a5e3b432c981b"},
    {file = "numpy-1.26.3-cp39-cp39-macosx_10_9_x86_64.whl", hash = "sha256:1666f634cb3c80ccbd77ec97bc17337718f56d6658acf5d3b906ca03e90ce87f"},
    {file = "numpy-1.26.3-cp39-cp39-macosx_11_0_arm64.whl", hash = "sha256:18c3319a7d39b2c6a9e3bb75aab2304ab79a811ac0168a671a62e6346c29b03f"},
    {file = "numpy-1.26.3-cp39-cp39-manylinux_2_17_aarch64.manylinux2014_aarch64.whl", hash = "sha256:0b7e807d6888da0db6e7e75838444d62495e2b588b99e90dd80c3459594e857b"},
    {file = "numpy-1.26.3-cp39-cp39-manylinux_2_17_x86_64.manylinux2014_x86_64.whl", hash = "sha256:b4d362e17bcb0011738c2d83e0a65ea8ce627057b2fdda37678f4374a382a137"},
    {file = "numpy-1.26.3-cp39-cp39-musllinux_1_1_aarch64.whl", hash = "sha256:b8c275f0ae90069496068c714387b4a0eba5d531aace269559ff2b43655edd58"},
    {file = "numpy-1.26.3-cp39-cp39-musllinux_1_1_x86_64.whl", hash = "sha256:cc0743f0302b94f397a4a65a660d4cd24267439eb16493fb3caad2e4389bccbb"},
    {file = "numpy-1.26.3-cp39-cp39-win32.whl", hash = "sha256:9bc6d1a7f8cedd519c4b7b1156d98e051b726bf160715b769106661d567b3f03"},
    {file = "numpy-1.26.3-cp39-cp39-win_amd64.whl", hash = "sha256:867e3644e208c8922a3be26fc6bbf112a035f50f0a86497f98f228c50c607bb2"},
    {file = "numpy-1.26.3-pp39-pypy39_pp73-macosx_10_9_x86_64.whl", hash = "sha256:3c67423b3703f8fbd90f5adaa37f85b5794d3366948efe9a5190a5f3a83fc34e"},
    {file = "numpy-1.26.3-pp39-pypy39_pp73-manylinux_2_17_x86_64.manylinux2014_x86_64.whl", hash = "sha256:46f47ee566d98849323f01b349d58f2557f02167ee301e5e28809a8c0e27a2d0"},
    {file = "numpy-1.26.3-pp39-pypy39_pp73-win_amd64.whl", hash = "sha256:a8474703bffc65ca15853d5fd4d06b18138ae90c17c8d12169968e998e448bb5"},
    {file = "numpy-1.26.3.tar.gz", hash = "sha256:697df43e2b6310ecc9d95f05d5ef20eacc09c7c4ecc9da3f235d39e71b7da1e4"},
]

[[package]]
name = "packaging"
version = "23.2"
description = "Core utilities for Python packages"
optional = false
python-versions = ">=3.7"
files = [
    {file = "packaging-23.2-py3-none-any.whl", hash = "sha256:8c491190033a9af7e1d931d0b5dacc2ef47509b34dd0de67ed209b5203fc88c7"},
    {file = "packaging-23.2.tar.gz", hash = "sha256:048fb0e9405036518eaaf48a55953c750c11e1a1b68e0dd1a9d62ed0c092cfc5"},
]

[[package]]
name = "pathspec"
version = "0.12.1"
description = "Utility library for gitignore style pattern matching of file paths."
optional = false
python-versions = ">=3.8"
files = [
    {file = "pathspec-0.12.1-py3-none-any.whl", hash = "sha256:a0d503e138a4c123b27490a4f7beda6a01c6f288df0e4a8b79c7eb0dc7b4cc08"},
    {file = "pathspec-0.12.1.tar.gz", hash = "sha256:a482d51503a1ab33b1c67a6c3813a26953dbdc71c31dacaef9a838c4e29f5712"},
]

[[package]]
name = "platformdirs"
version = "4.2.0"
description = "A small Python package for determining appropriate platform-specific dirs, e.g. a \"user data dir\"."
optional = false
python-versions = ">=3.8"
files = [
    {file = "platformdirs-4.2.0-py3-none-any.whl", hash = "sha256:0614df2a2f37e1a662acbd8e2b25b92ccf8632929bc6d43467e17fe89c75e068"},
    {file = "platformdirs-4.2.0.tar.gz", hash = "sha256:ef0cc731df711022c174543cb70a9b5bd22e5a9337c8624ef2c2ceb8ddad8768"},
]

[package.extras]
docs = ["furo (>=2023.9.10)", "proselint (>=0.13)", "sphinx (>=7.2.6)", "sphinx-autodoc-typehints (>=1.25.2)"]
test = ["appdirs (==1.4.4)", "covdefaults (>=2.3)", "pytest (>=7.4.3)", "pytest-cov (>=4.1)", "pytest-mock (>=3.12)"]

[[package]]
name = "ruff"
version = "0.2.0"
description = "An extremely fast Python linter and code formatter, written in Rust."
optional = false
python-versions = ">=3.7"
files = [
    {file = "ruff-0.2.0-py3-none-macosx_10_12_x86_64.macosx_11_0_arm64.macosx_10_12_universal2.whl", hash = "sha256:638ea3294f800d18bae84a492cb5a245c8d29c90d19a91d8e338937a4c27fca0"},
    {file = "ruff-0.2.0-py3-none-macosx_10_12_x86_64.whl", hash = "sha256:3ff35433fcf4dff6d610738712152df6b7d92351a1bde8e00bd405b08b3d5759"},
    {file = "ruff-0.2.0-py3-none-manylinux_2_17_aarch64.manylinux2014_aarch64.whl", hash = "sha256:bf9faafbdcf4f53917019f2c230766da437d4fd5caecd12ddb68bb6a17d74399"},
    {file = "ruff-0.2.0-py3-none-manylinux_2_17_armv7l.manylinux2014_armv7l.whl", hash = "sha256:8153a3e4128ed770871c47545f1ae7b055023e0c222ff72a759f5a341ee06483"},
    {file = "ruff-0.2.0-py3-none-manylinux_2_17_i686.manylinux2014_i686.whl", hash = "sha256:e8a75a98ae989a27090e9c51f763990ad5bbc92d20626d54e9701c7fe597f399"},
    {file = "ruff-0.2.0-py3-none-manylinux_2_17_ppc64.manylinux2014_ppc64.whl", hash = "sha256:87057dd2fdde297130ff99553be8549ca38a2965871462a97394c22ed2dfc19d"},
    {file = "ruff-0.2.0-py3-none-manylinux_2_17_ppc64le.manylinux2014_ppc64le.whl", hash = "sha256:6d232f99d3ab00094ebaf88e0fb7a8ccacaa54cc7fa3b8993d9627a11e6aed7a"},
    {file = "ruff-0.2.0-py3-none-manylinux_2_17_s390x.manylinux2014_s390x.whl", hash = "sha256:3d3c641f95f435fc6754b05591774a17df41648f0daf3de0d75ad3d9f099ab92"},
    {file = "ruff-0.2.0-py3-none-manylinux_2_17_x86_64.manylinux2014_x86_64.whl", hash = "sha256:3826fb34c144ef1e171b323ed6ae9146ab76d109960addca730756dc19dc7b22"},
    {file = "ruff-0.2.0-py3-none-musllinux_1_2_aarch64.whl", hash = "sha256:eceab7d85d09321b4de18b62d38710cf296cb49e98979960a59c6b9307c18cfe"},
    {file = "ruff-0.2.0-py3-none-musllinux_1_2_armv7l.whl", hash = "sha256:30ad74687e1f4a9ff8e513b20b82ccadb6bd796fe5697f1e417189c5cde6be3e"},
    {file = "ruff-0.2.0-py3-none-musllinux_1_2_i686.whl", hash = "sha256:a7e3818698f8460bd0f8d4322bbe99db8327e9bc2c93c789d3159f5b335f47da"},
    {file = "ruff-0.2.0-py3-none-musllinux_1_2_x86_64.whl", hash = "sha256:edf23041242c48b0d8295214783ef543847ef29e8226d9f69bf96592dba82a83"},
    {file = "ruff-0.2.0-py3-none-win32.whl", hash = "sha256:e155147199c2714ff52385b760fe242bb99ea64b240a9ffbd6a5918eb1268843"},
    {file = "ruff-0.2.0-py3-none-win_amd64.whl", hash = "sha256:ba918e01cdd21e81b07555564f40d307b0caafa9a7a65742e98ff244f5035c59"},
    {file = "ruff-0.2.0-py3-none-win_arm64.whl", hash = "sha256:3fbaff1ba9564a2c5943f8f38bc221f04bac687cc7485e45237579fee7ccda79"},
    {file = "ruff-0.2.0.tar.gz", hash = "sha256:63856b91837606c673537d2889989733d7dffde553828d3b0f0bacfa6def54be"},
]

[[package]]
name = "trimesh"
version = "4.1.3"
description = "Import, export, process, analyze and view triangular meshes."
optional = false
python-versions = ">=3.7"
files = [
    {file = "trimesh-4.1.3-py3-none-any.whl", hash = "sha256:c38e5d9a8e8b534633a444f4ea8b66863a2b1386085470cd4e9984498fd01358"},
    {file = "trimesh-4.1.3.tar.gz", hash = "sha256:4881c803a1caa3729aeab999ac165f4a637fb0d7c48d2226614b5bb50b37a334"},
]

[package.dependencies]
numpy = "*"

[package.extras]
all = ["trimesh[easy,recommend,test]"]
easy = ["chardet", "colorlog", "embreex", "httpx", "jsonschema", "lxml", "mapbox-earcut", "networkx", "pillow", "pycollada", "rtree", "scipy", "setuptools", "shapely", "svg.path", "vhacdx", "xxhash"]
recommend = ["glooey", "manifold3d (>=2.3.0)", "meshio", "psutil", "pyglet (<2)", "python-fcl", "scikit-image", "sympy", "xatlas"]
test = ["coveralls", "ezdxf", "matplotlib", "mypy", "pyinstrument", "pymeshlab", "pytest", "pytest-cov", "ruff"]

[metadata]
lock-version = "2.0"
python-versions = "^3.11"
content-hash = "846fec10b6f585e826ccf5486179edbd390c67062b5c97fe31769031ff70f5ad"
